
Microsoft Visual Studio Solution File, Format Version 12.00
# Visual Studio Version 17
VisualStudioVersion = 17.3.32825.248
MinimumVisualStudioVersion = 10.0.40219.1
Project("{FAE04EC0-301F-11D3-BF4B-00C04F79EFBC}") = "MathQuizStarovoytova", "MathQuizStarovoytova\MathQuizStarovoytova.csproj", "{DC831F32-FFFE-4DD8-8F7B-D36B676D99C1}"
EndProject
Global
	GlobalSection(SolutionConfigurationPlatforms) = preSolution
		Debug|Any CPU = Debug|Any CPU
		Release|Any CPU = Release|Any CPU
	EndGlobalSection
	GlobalSection(ProjectConfigurationPlatforms) = postSolution
		{DC831F32-FFFE-4DD8-8F7B-D36B676D99C1}.Debug|Any CPU.ActiveCfg = Debug|Any CPU
		{DC831F32-FFFE-4DD8-8F7B-D36B676D99C1}.Debug|Any CPU.Build.0 = Debug|Any CPU
		{DC831F32-FFFE-4DD8-8F7B-D36B676D99C1}.Release|Any CPU.ActiveCfg = Release|Any CPU
		{DC831F32-FFFE-4DD8-8F7B-D36B676D99C1}.Release|Any CPU.Build.0 = Release|Any CPU
	EndGlobalSection
	GlobalSection(SolutionProperties) = preSolution
		HideSolutionNode = FALSE
	EndGlobalSection
	GlobalSection(ExtensibilityGlobals) = postSolution
		SolutionGuid = {68C25702-D4C3-4F9B-BAD1-D81482C29582}
	EndGlobalSection
EndGlobal
